<?xml version="1.0" encoding="utf-8"?>
<Project ToolsVersion="4.0" xmlns="http://schemas.microsoft.com/developer/msbuild/2003">
  <ItemGroup>
    <ClCompile Include="mango.c" />
    <ClCompile Include="example.c" />
  </ItemGroup>
  <ItemGroup>
    <None Include="build.sh" />
  </ItemGroup>
  <ItemGroup>
    <ClInclude Include="mango.h" />
  </ItemGroup>
</Project>